// !$*UTF8*$!
{
	archiveVersion = 1;
	classes = {
	};
	objectVersion = 51;
	objects = {

/* Begin PBXBuildFile section */
		4F0DAFE9498BF0FF986DF442 /* Pods_ArcGIS_SwiftUI_Combine.framework in Frameworks */ = {isa = PBXBuildFile; fileRef = F5A6193C01D9468736E524A8 /* Pods_ArcGIS_SwiftUI_Combine.framework */; };
		94130CE723BC01330000190F /* PortalSignInView.swift in Sources */ = {isa = PBXBuildFile; fileRef = 94130CE623BC01330000190F /* PortalSignInView.swift */; };
		94130CE923BC01650000190F /* AppPortalModel.swift in Sources */ = {isa = PBXBuildFile; fileRef = 94130CE823BC01650000190F /* AppPortalModel.swift */; };
		94130CED23BC02120000190F /* AlertError.swift in Sources */ = {isa = PBXBuildFile; fileRef = 94130CEC23BC02120000190F /* AlertError.swift */; };
		94130CEF23BC02500000190F /* ProminentButtonStyle.swift in Sources */ = {isa = PBXBuildFile; fileRef = 94130CEE23BC02500000190F /* ProminentButtonStyle.swift */; };
		94130CF523BEA8740000190F /* PortalBrowserView.swift in Sources */ = {isa = PBXBuildFile; fileRef = 94130CF423BEA8740000190F /* PortalBrowserView.swift */; };
		94130CF823C3B78C0000190F /* HorizontalDividerView.swift in Sources */ = {isa = PBXBuildFile; fileRef = 94130CF723C3B78C0000190F /* HorizontalDividerView.swift */; };
		94130CFA23C3F9070000190F /* AGSPortalUser+ArcGISPublisher.swift in Sources */ = {isa = PBXBuildFile; fileRef = 94130CF923C3F9070000190F /* AGSPortalUser+ArcGISPublisher.swift */; };
		94130CFC23C3FA760000190F /* AppErrors.swift in Sources */ = {isa = PBXBuildFile; fileRef = 94130CFB23C3FA760000190F /* AppErrors.swift */; };
		94130CFE23C3FFF70000190F /* AGSPortalItem+Combine.swift in Sources */ = {isa = PBXBuildFile; fileRef = 94130CFD23C3FFF70000190F /* AGSPortalItem+Combine.swift */; };
		94130D0023C913690000190F /* PortalUserView.swift in Sources */ = {isa = PBXBuildFile; fileRef = 94130CFF23C913690000190F /* PortalUserView.swift */; };
		94130D0223CCE5360000190F /* AppRootView.swift in Sources */ = {isa = PBXBuildFile; fileRef = 94130D0123CCE5360000190F /* AppRootView.swift */; };
		94130D0423CCED7C0000190F /* MapView.swift in Sources */ = {isa = PBXBuildFile; fileRef = 94130D0323CCED7C0000190F /* MapView.swift */; };
		943F878C22DFAFB800EC40E3 /* SceneDelegate.swift in Sources */ = {isa = PBXBuildFile; fileRef = 943F878922DFAFB800EC40E3 /* SceneDelegate.swift */; };
		943F878D22DFAFB800EC40E3 /* AppDelegate.swift in Sources */ = {isa = PBXBuildFile; fileRef = 943F878A22DFAFB800EC40E3 /* AppDelegate.swift */; };
		943F879B22DFAFC400EC40E3 /* Publishable.swift in Sources */ = {isa = PBXBuildFile; fileRef = 943F878F22DFAFC400EC40E3 /* Publishable.swift */; };
		943F879D22DFAFC400EC40E3 /* AGSMapView+ArcGISPublisher.swift in Sources */ = {isa = PBXBuildFile; fileRef = 943F879222DFAFC400EC40E3 /* AGSMapView+ArcGISPublisher.swift */; };
		943F879F22DFAFC400EC40E3 /* AGSLoadable+ArcGISPublisher.swift in Sources */ = {isa = PBXBuildFile; fileRef = 943F879422DFAFC400EC40E3 /* AGSLoadable+ArcGISPublisher.swift */; };
		943F87A022DFAFC400EC40E3 /* AGSMap+ArcGISPublisher.swift in Sources */ = {isa = PBXBuildFile; fileRef = 943F879522DFAFC400EC40E3 /* AGSMap+ArcGISPublisher.swift */; };
		943F87A122DFAFC400EC40E3 /* AGSMapViewInteractionOptions+ArcGISPublisher.swift in Sources */ = {isa = PBXBuildFile; fileRef = 943F879622DFAFC400EC40E3 /* AGSMapViewInteractionOptions+ArcGISPublisher.swift */; };
		943F87A322DFAFC400EC40E3 /* SUIMapView.swift in Sources */ = {isa = PBXBuildFile; fileRef = 943F879922DFAFC400EC40E3 /* SUIMapView.swift */; };
		943F87A422DFAFC400EC40E3 /* SUIMapViewModel.swift in Sources */ = {isa = PBXBuildFile; fileRef = 943F879A22DFAFC400EC40E3 /* SUIMapViewModel.swift */; };
		945D5E0F23D7ACB100B9EC2A /* RoundedCornerImageView.swift in Sources */ = {isa = PBXBuildFile; fileRef = 945D5E0E23D7ACB100B9EC2A /* RoundedCornerImageView.swift */; };
		945D5E1123D7B10C00B9EC2A /* AGSPortalItem+ArcGISPublisher.swift in Sources */ = {isa = PBXBuildFile; fileRef = 945D5E1023D7B10C00B9EC2A /* AGSPortalItem+ArcGISPublisher.swift */; };
		945D5E1323D7B55B00B9EC2A /* AGSLoadableImage+ArcGISPublisher.swift in Sources */ = {isa = PBXBuildFile; fileRef = 945D5E1223D7B55B00B9EC2A /* AGSLoadableImage+ArcGISPublisher.swift */; };
		945D5E1523D9199B00B9EC2A /* AGSCredentialCache+ArcGISPublisher.swift in Sources */ = {isa = PBXBuildFile; fileRef = 945D5E1423D9199B00B9EC2A /* AGSCredentialCache+ArcGISPublisher.swift */; };
		945D5E1723DF5EBE00B9EC2A /* BottomSheetView.swift in Sources */ = {isa = PBXBuildFile; fileRef = 945D5E1623DF5EBE00B9EC2A /* BottomSheetView.swift */; };
		94B3EAEC22E23A640082254A /* AGSLocationDisplay+ArcGISPublisher.swift in Sources */ = {isa = PBXBuildFile; fileRef = 94B3EAEB22E23A640082254A /* AGSLocationDisplay+ArcGISPublisher.swift */; };
		94B3EAEE22E23D340082254A /* AGSLocation+ArcGISPublisher.swift in Sources */ = {isa = PBXBuildFile; fileRef = 94B3EAED22E23D340082254A /* AGSLocation+ArcGISPublisher.swift */; };
		94D9CB0523ECB9540034CD2B /* CornerRadius.swift in Sources */ = {isa = PBXBuildFile; fileRef = 94D9CB0423ECB9540034CD2B /* CornerRadius.swift */; };
		94D9CB0723ECC91B0034CD2B /* AGSPopup+Selection.swift in Sources */ = {isa = PBXBuildFile; fileRef = 94D9CB0623ECC91B0034CD2B /* AGSPopup+Selection.swift */; };
		94D9CB0D23EDE1C10034CD2B /* SUIScalebar.swift in Sources */ = {isa = PBXBuildFile; fileRef = 94D9CB0C23EDE1C10034CD2B /* SUIScalebar.swift */; };
		94D9CB1423F1CD5B0034CD2B /* SUILegendView.swift in Sources */ = {isa = PBXBuildFile; fileRef = 94D9CB1323F1CD5B0034CD2B /* SUILegendView.swift */; };
		94E1999C22CFF6AF0097FF7E /* Assets.xcassets in Resources */ = {isa = PBXBuildFile; fileRef = 94E1999B22CFF6AF0097FF7E /* Assets.xcassets */; };
		94E1999F22CFF6AF0097FF7E /* Preview Assets.xcassets in Resources */ = {isa = PBXBuildFile; fileRef = 94E1999E22CFF6AF0097FF7E /* Preview Assets.xcassets */; };
		94E199A222CFF6AF0097FF7E /* LaunchScreen.storyboard in Resources */ = {isa = PBXBuildFile; fileRef = 94E199A022CFF6AF0097FF7E /* LaunchScreen.storyboard */; };
		94E7F0E4237A33B800317271 /* AGSPortal+ArcGISPublisher.swift in Sources */ = {isa = PBXBuildFile; fileRef = 94E7F0E3237A33B800317271 /* AGSPortal+ArcGISPublisher.swift */; };
		94FF73F723E76C26003B90A7 /* CompassView.swift in Sources */ = {isa = PBXBuildFile; fileRef = 94FF73F623E76C26003B90A7 /* CompassView.swift */; };
		94FF73FB23E76E44003B90A7 /* PopupView.swift in Sources */ = {isa = PBXBuildFile; fileRef = 94FF73FA23E76E44003B90A7 /* PopupView.swift */; };
		94FF73FE23E772D9003B90A7 /* PortalItemView.swift in Sources */ = {isa = PBXBuildFile; fileRef = 94FF73FD23E772D9003B90A7 /* PortalItemView.swift */; };
/* End PBXBuildFile section */

/* Begin PBXCopyFilesBuildPhase section */
		94E199AD22CFF6CF0097FF7E /* Embed Frameworks */ = {
			isa = PBXCopyFilesBuildPhase;
			buildActionMask = 2147483647;
			dstPath = "";
			dstSubfolderSpec = 10;
			files = (
			);
			name = "Embed Frameworks";
			runOnlyForDeploymentPostprocessing = 0;
		};
/* End PBXCopyFilesBuildPhase section */

/* Begin PBXFileReference section */
		261879EE773D97063D63FDC2 /* Pods-ArcGIS-SwiftUI-Combine.debug.xcconfig */ = {isa = PBXFileReference; includeInIndex = 1; lastKnownFileType = text.xcconfig; name = "Pods-ArcGIS-SwiftUI-Combine.debug.xcconfig"; path = "Target Support Files/Pods-ArcGIS-SwiftUI-Combine/Pods-ArcGIS-SwiftUI-Combine.debug.xcconfig"; sourceTree = "<group>"; };
		548986393BC6DBF9FEC0B671 /* Pods-ArcGIS-SwiftUI-Combine.release.xcconfig */ = {isa = PBXFileReference; includeInIndex = 1; lastKnownFileType = text.xcconfig; name = "Pods-ArcGIS-SwiftUI-Combine.release.xcconfig"; path = "Target Support Files/Pods-ArcGIS-SwiftUI-Combine/Pods-ArcGIS-SwiftUI-Combine.release.xcconfig"; sourceTree = "<group>"; };
		94130CE623BC01330000190F /* PortalSignInView.swift */ = {isa = PBXFileReference; lastKnownFileType = sourcecode.swift; path = PortalSignInView.swift; sourceTree = "<group>"; };
		94130CE823BC01650000190F /* AppPortalModel.swift */ = {isa = PBXFileReference; lastKnownFileType = sourcecode.swift; path = AppPortalModel.swift; sourceTree = "<group>"; };
		94130CEC23BC02120000190F /* AlertError.swift */ = {isa = PBXFileReference; lastKnownFileType = sourcecode.swift; path = AlertError.swift; sourceTree = "<group>"; };
		94130CEE23BC02500000190F /* ProminentButtonStyle.swift */ = {isa = PBXFileReference; lastKnownFileType = sourcecode.swift; path = ProminentButtonStyle.swift; sourceTree = "<group>"; };
		94130CF423BEA8740000190F /* PortalBrowserView.swift */ = {isa = PBXFileReference; lastKnownFileType = sourcecode.swift; path = PortalBrowserView.swift; sourceTree = "<group>"; };
		94130CF723C3B78C0000190F /* HorizontalDividerView.swift */ = {isa = PBXFileReference; lastKnownFileType = sourcecode.swift; path = HorizontalDividerView.swift; sourceTree = "<group>"; };
		94130CF923C3F9070000190F /* AGSPortalUser+ArcGISPublisher.swift */ = {isa = PBXFileReference; lastKnownFileType = sourcecode.swift; path = "AGSPortalUser+ArcGISPublisher.swift"; sourceTree = "<group>"; };
		94130CFB23C3FA760000190F /* AppErrors.swift */ = {isa = PBXFileReference; lastKnownFileType = sourcecode.swift; path = AppErrors.swift; sourceTree = "<group>"; };
		94130CFD23C3FFF70000190F /* AGSPortalItem+Combine.swift */ = {isa = PBXFileReference; lastKnownFileType = sourcecode.swift; path = "AGSPortalItem+Combine.swift"; sourceTree = "<group>"; };
		94130CFF23C913690000190F /* PortalUserView.swift */ = {isa = PBXFileReference; lastKnownFileType = sourcecode.swift; path = PortalUserView.swift; sourceTree = "<group>"; };
		94130D0123CCE5360000190F /* AppRootView.swift */ = {isa = PBXFileReference; lastKnownFileType = sourcecode.swift; path = AppRootView.swift; sourceTree = "<group>"; };
		94130D0323CCED7C0000190F /* MapView.swift */ = {isa = PBXFileReference; lastKnownFileType = sourcecode.swift; path = MapView.swift; sourceTree = "<group>"; };
		943F878722DFAFB700EC40E3 /* ArcGIS-SwiftUI-Combine-Bridging-Header.h */ = {isa = PBXFileReference; lastKnownFileType = sourcecode.c.h; path = "ArcGIS-SwiftUI-Combine-Bridging-Header.h"; sourceTree = "<group>"; };
		943F878922DFAFB800EC40E3 /* SceneDelegate.swift */ = {isa = PBXFileReference; fileEncoding = 4; lastKnownFileType = sourcecode.swift; path = SceneDelegate.swift; sourceTree = "<group>"; };
		943F878A22DFAFB800EC40E3 /* AppDelegate.swift */ = {isa = PBXFileReference; fileEncoding = 4; lastKnownFileType = sourcecode.swift; path = AppDelegate.swift; sourceTree = "<group>"; };
		943F878F22DFAFC400EC40E3 /* Publishable.swift */ = {isa = PBXFileReference; fileEncoding = 4; lastKnownFileType = sourcecode.swift; path = Publishable.swift; sourceTree = "<group>"; };
		943F879222DFAFC400EC40E3 /* AGSMapView+ArcGISPublisher.swift */ = {isa = PBXFileReference; fileEncoding = 4; lastKnownFileType = sourcecode.swift; path = "AGSMapView+ArcGISPublisher.swift"; sourceTree = "<group>"; };
		943F879422DFAFC400EC40E3 /* AGSLoadable+ArcGISPublisher.swift */ = {isa = PBXFileReference; fileEncoding = 4; lastKnownFileType = sourcecode.swift; path = "AGSLoadable+ArcGISPublisher.swift"; sourceTree = "<group>"; };
		943F879522DFAFC400EC40E3 /* AGSMap+ArcGISPublisher.swift */ = {isa = PBXFileReference; fileEncoding = 4; lastKnownFileType = sourcecode.swift; path = "AGSMap+ArcGISPublisher.swift"; sourceTree = "<group>"; };
		943F879622DFAFC400EC40E3 /* AGSMapViewInteractionOptions+ArcGISPublisher.swift */ = {isa = PBXFileReference; fileEncoding = 4; lastKnownFileType = sourcecode.swift; path = "AGSMapViewInteractionOptions+ArcGISPublisher.swift"; sourceTree = "<group>"; };
		943F879922DFAFC400EC40E3 /* SUIMapView.swift */ = {isa = PBXFileReference; fileEncoding = 4; lastKnownFileType = sourcecode.swift; path = SUIMapView.swift; sourceTree = "<group>"; };
		943F879A22DFAFC400EC40E3 /* SUIMapViewModel.swift */ = {isa = PBXFileReference; fileEncoding = 4; lastKnownFileType = sourcecode.swift; path = SUIMapViewModel.swift; sourceTree = "<group>"; };
		945D5E0E23D7ACB100B9EC2A /* RoundedCornerImageView.swift */ = {isa = PBXFileReference; lastKnownFileType = sourcecode.swift; path = RoundedCornerImageView.swift; sourceTree = "<group>"; };
		945D5E1023D7B10C00B9EC2A /* AGSPortalItem+ArcGISPublisher.swift */ = {isa = PBXFileReference; lastKnownFileType = sourcecode.swift; path = "AGSPortalItem+ArcGISPublisher.swift"; sourceTree = "<group>"; };
		945D5E1223D7B55B00B9EC2A /* AGSLoadableImage+ArcGISPublisher.swift */ = {isa = PBXFileReference; lastKnownFileType = sourcecode.swift; path = "AGSLoadableImage+ArcGISPublisher.swift"; sourceTree = "<group>"; };
		945D5E1423D9199B00B9EC2A /* AGSCredentialCache+ArcGISPublisher.swift */ = {isa = PBXFileReference; lastKnownFileType = sourcecode.swift; path = "AGSCredentialCache+ArcGISPublisher.swift"; sourceTree = "<group>"; };
		945D5E1623DF5EBE00B9EC2A /* BottomSheetView.swift */ = {isa = PBXFileReference; lastKnownFileType = sourcecode.swift; path = BottomSheetView.swift; sourceTree = "<group>"; };
		94B3EAEB22E23A640082254A /* AGSLocationDisplay+ArcGISPublisher.swift */ = {isa = PBXFileReference; lastKnownFileType = sourcecode.swift; path = "AGSLocationDisplay+ArcGISPublisher.swift"; sourceTree = "<group>"; };
		94B3EAED22E23D340082254A /* AGSLocation+ArcGISPublisher.swift */ = {isa = PBXFileReference; lastKnownFileType = sourcecode.swift; path = "AGSLocation+ArcGISPublisher.swift"; sourceTree = "<group>"; };
		94D9CB0423ECB9540034CD2B /* CornerRadius.swift */ = {isa = PBXFileReference; lastKnownFileType = sourcecode.swift; path = CornerRadius.swift; sourceTree = "<group>"; };
		94D9CB0623ECC91B0034CD2B /* AGSPopup+Selection.swift */ = {isa = PBXFileReference; lastKnownFileType = sourcecode.swift; path = "AGSPopup+Selection.swift"; sourceTree = "<group>"; };
		94D9CB0C23EDE1C10034CD2B /* SUIScalebar.swift */ = {isa = PBXFileReference; lastKnownFileType = sourcecode.swift; path = SUIScalebar.swift; sourceTree = "<group>"; };
		94D9CB1323F1CD5B0034CD2B /* SUILegendView.swift */ = {isa = PBXFileReference; lastKnownFileType = sourcecode.swift; path = SUILegendView.swift; sourceTree = "<group>"; };
		94E1999222CFF6AD0097FF7E /* ArcGIS-SwiftUI-Combine.app */ = {isa = PBXFileReference; explicitFileType = wrapper.application; includeInIndex = 0; path = "ArcGIS-SwiftUI-Combine.app"; sourceTree = BUILT_PRODUCTS_DIR; };
		94E1999B22CFF6AF0097FF7E /* Assets.xcassets */ = {isa = PBXFileReference; lastKnownFileType = folder.assetcatalog; path = Assets.xcassets; sourceTree = "<group>"; };
		94E1999E22CFF6AF0097FF7E /* Preview Assets.xcassets */ = {isa = PBXFileReference; lastKnownFileType = folder.assetcatalog; path = "Preview Assets.xcassets"; sourceTree = "<group>"; };
		94E199A122CFF6AF0097FF7E /* Base */ = {isa = PBXFileReference; lastKnownFileType = file.storyboard; name = Base; path = Base.lproj/LaunchScreen.storyboard; sourceTree = "<group>"; };
		94E199A322CFF6AF0097FF7E /* Info.plist */ = {isa = PBXFileReference; lastKnownFileType = text.plist.xml; path = Info.plist; sourceTree = "<group>"; };
		94E7F0E3237A33B800317271 /* AGSPortal+ArcGISPublisher.swift */ = {isa = PBXFileReference; lastKnownFileType = sourcecode.swift; path = "AGSPortal+ArcGISPublisher.swift"; sourceTree = "<group>"; };
		94FF73F623E76C26003B90A7 /* CompassView.swift */ = {isa = PBXFileReference; lastKnownFileType = sourcecode.swift; path = CompassView.swift; sourceTree = "<group>"; };
		94FF73FA23E76E44003B90A7 /* PopupView.swift */ = {isa = PBXFileReference; lastKnownFileType = sourcecode.swift; path = PopupView.swift; sourceTree = "<group>"; };
		94FF73FD23E772D9003B90A7 /* PortalItemView.swift */ = {isa = PBXFileReference; lastKnownFileType = sourcecode.swift; path = PortalItemView.swift; sourceTree = "<group>"; };
		F5A6193C01D9468736E524A8 /* Pods_ArcGIS_SwiftUI_Combine.framework */ = {isa = PBXFileReference; explicitFileType = wrapper.framework; includeInIndex = 0; path = Pods_ArcGIS_SwiftUI_Combine.framework; sourceTree = BUILT_PRODUCTS_DIR; };
/* End PBXFileReference section */

/* Begin PBXFrameworksBuildPhase section */
		94E1998F22CFF6AD0097FF7E /* Frameworks */ = {
			isa = PBXFrameworksBuildPhase;
			buildActionMask = 2147483647;
			files = (
				4F0DAFE9498BF0FF986DF442 /* Pods_ArcGIS_SwiftUI_Combine.framework in Frameworks */,
			);
			runOnlyForDeploymentPostprocessing = 0;
		};
/* End PBXFrameworksBuildPhase section */

/* Begin PBXGroup section */
		94130CE523BC011C0000190F /* App */ = {
			isa = PBXGroup;
			children = (
				94130CE823BC01650000190F /* AppPortalModel.swift */,
				94130D0123CCE5360000190F /* AppRootView.swift */,
				94FF73FC23E770D7003B90A7 /* Portal */,
				94FF73F823E76D12003B90A7 /* MapView */,
				94FF73F523E76C0B003B90A7 /* Compass */,
				94FF73F923E76D24003B90A7 /* Popup */,
				94D9CB0B23EDE18C0034CD2B /* Toolkit */,
			);
			path = App;
			sourceTree = "<group>";
		};
		94130CEA23BC01CD0000190F /* Reusable */ = {
			isa = PBXGroup;
			children = (
				94130CEB23BC02000000190F /* Utilities */,
				94130CF623C3B77B0000190F /* Views */,
				94130CF023BC026B0000190F /* Styles */,
			);
			path = Reusable;
			sourceTree = "<group>";
		};
		94130CEB23BC02000000190F /* Utilities */ = {
			isa = PBXGroup;
			children = (
				94130CEC23BC02120000190F /* AlertError.swift */,
				94130CFB23C3FA760000190F /* AppErrors.swift */,
				94130CFD23C3FFF70000190F /* AGSPortalItem+Combine.swift */,
				94D9CB0623ECC91B0034CD2B /* AGSPopup+Selection.swift */,
			);
			path = Utilities;
			sourceTree = "<group>";
		};
		94130CF023BC026B0000190F /* Styles */ = {
			isa = PBXGroup;
			children = (
				94130CEE23BC02500000190F /* ProminentButtonStyle.swift */,
			);
			path = Styles;
			sourceTree = "<group>";
		};
		94130CF623C3B77B0000190F /* Views */ = {
			isa = PBXGroup;
			children = (
				94130CF723C3B78C0000190F /* HorizontalDividerView.swift */,
				945D5E0E23D7ACB100B9EC2A /* RoundedCornerImageView.swift */,
				945D5E1623DF5EBE00B9EC2A /* BottomSheetView.swift */,
				94D9CB0423ECB9540034CD2B /* CornerRadius.swift */,
			);
			path = Views;
			sourceTree = "<group>";
		};
		943F878E22DFAFC400EC40E3 /* Publishable */ = {
			isa = PBXGroup;
			children = (
				943F878F22DFAFC400EC40E3 /* Publishable.swift */,
				943F879122DFAFC400EC40E3 /* ArcGIS+Publishable */,
			);
			path = Publishable;
			sourceTree = "<group>";
		};
		943F879122DFAFC400EC40E3 /* ArcGIS+Publishable */ = {
			isa = PBXGroup;
			children = (
				943F879422DFAFC400EC40E3 /* AGSLoadable+ArcGISPublisher.swift */,
				943F879222DFAFC400EC40E3 /* AGSMapView+ArcGISPublisher.swift */,
				943F879522DFAFC400EC40E3 /* AGSMap+ArcGISPublisher.swift */,
				943F879622DFAFC400EC40E3 /* AGSMapViewInteractionOptions+ArcGISPublisher.swift */,
				94B3EAEB22E23A640082254A /* AGSLocationDisplay+ArcGISPublisher.swift */,
				94B3EAED22E23D340082254A /* AGSLocation+ArcGISPublisher.swift */,
				94E7F0E3237A33B800317271 /* AGSPortal+ArcGISPublisher.swift */,
				94130CF923C3F9070000190F /* AGSPortalUser+ArcGISPublisher.swift */,
				945D5E1023D7B10C00B9EC2A /* AGSPortalItem+ArcGISPublisher.swift */,
				945D5E1223D7B55B00B9EC2A /* AGSLoadableImage+ArcGISPublisher.swift */,
				945D5E1423D9199B00B9EC2A /* AGSCredentialCache+ArcGISPublisher.swift */,
			);
			path = "ArcGIS+Publishable";
			sourceTree = "<group>";
		};
		943F879822DFAFC400EC40E3 /* SwiftUI MapView Wrapping */ = {
			isa = PBXGroup;
			children = (
				943F879922DFAFC400EC40E3 /* SUIMapView.swift */,
				943F879A22DFAFC400EC40E3 /* SUIMapViewModel.swift */,
			);
			path = "SwiftUI MapView Wrapping";
			sourceTree = "<group>";
		};
		94D9CB0B23EDE18C0034CD2B /* Toolkit */ = {
			isa = PBXGroup;
			children = (
				94D9CB0C23EDE1C10034CD2B /* SUIScalebar.swift */,
				94D9CB1323F1CD5B0034CD2B /* SUILegendView.swift */,
			);
			path = Toolkit;
			sourceTree = "<group>";
		};
		94E1998922CFF6AD0097FF7E = {
			isa = PBXGroup;
			children = (
				94E1999422CFF6AD0097FF7E /* ArcGIS-SwiftUI-Combine */,
				94E1999322CFF6AD0097FF7E /* Products */,
				C3546C1CB913E05B76DF6624 /* Pods */,
				D56B71E935408F9B3E9B3557 /* Frameworks */,
			);
			sourceTree = "<group>";
		};
		94E1999322CFF6AD0097FF7E /* Products */ = {
			isa = PBXGroup;
			children = (
				94E1999222CFF6AD0097FF7E /* ArcGIS-SwiftUI-Combine.app */,
			);
			name = Products;
			sourceTree = "<group>";
		};
		94E1999422CFF6AD0097FF7E /* ArcGIS-SwiftUI-Combine */ = {
			isa = PBXGroup;
			children = (
				943F878A22DFAFB800EC40E3 /* AppDelegate.swift */,
				943F878922DFAFB800EC40E3 /* SceneDelegate.swift */,
				94130CE523BC011C0000190F /* App */,
				94130CEA23BC01CD0000190F /* Reusable */,
				943F879822DFAFC400EC40E3 /* SwiftUI MapView Wrapping */,
				943F878E22DFAFC400EC40E3 /* Publishable */,
				94E1999B22CFF6AF0097FF7E /* Assets.xcassets */,
				94E199A022CFF6AF0097FF7E /* LaunchScreen.storyboard */,
				94E199A322CFF6AF0097FF7E /* Info.plist */,
				94E1999D22CFF6AF0097FF7E /* Preview Content */,
				943F878722DFAFB700EC40E3 /* ArcGIS-SwiftUI-Combine-Bridging-Header.h */,
			);
			path = "ArcGIS-SwiftUI-Combine";
			sourceTree = "<group>";
		};
		94E1999D22CFF6AF0097FF7E /* Preview Content */ = {
			isa = PBXGroup;
			children = (
				94E1999E22CFF6AF0097FF7E /* Preview Assets.xcassets */,
			);
			path = "Preview Content";
			sourceTree = "<group>";
		};
		94FF73F523E76C0B003B90A7 /* Compass */ = {
			isa = PBXGroup;
			children = (
				94FF73F623E76C26003B90A7 /* CompassView.swift */,
			);
			path = Compass;
			sourceTree = "<group>";
		};
		94FF73F823E76D12003B90A7 /* MapView */ = {
			isa = PBXGroup;
			children = (
				94130D0323CCED7C0000190F /* MapView.swift */,
			);
			path = MapView;
			sourceTree = "<group>";
		};
		94FF73F923E76D24003B90A7 /* Popup */ = {
			isa = PBXGroup;
			children = (
				94FF73FA23E76E44003B90A7 /* PopupView.swift */,
			);
			path = Popup;
			sourceTree = "<group>";
		};
		94FF73FC23E770D7003B90A7 /* Portal */ = {
			isa = PBXGroup;
			children = (
				94130CF423BEA8740000190F /* PortalBrowserView.swift */,
				94130CE623BC01330000190F /* PortalSignInView.swift */,
				94130CFF23C913690000190F /* PortalUserView.swift */,
				94FF73FD23E772D9003B90A7 /* PortalItemView.swift */,
			);
			path = Portal;
			sourceTree = "<group>";
		};
		C3546C1CB913E05B76DF6624 /* Pods */ = {
			isa = PBXGroup;
			children = (
				261879EE773D97063D63FDC2 /* Pods-ArcGIS-SwiftUI-Combine.debug.xcconfig */,
				548986393BC6DBF9FEC0B671 /* Pods-ArcGIS-SwiftUI-Combine.release.xcconfig */,
			);
			path = Pods;
			sourceTree = "<group>";
		};
		D56B71E935408F9B3E9B3557 /* Frameworks */ = {
			isa = PBXGroup;
			children = (
				F5A6193C01D9468736E524A8 /* Pods_ArcGIS_SwiftUI_Combine.framework */,
			);
			name = Frameworks;
			sourceTree = "<group>";
		};
/* End PBXGroup section */

/* Begin PBXNativeTarget section */
		94E1999122CFF6AD0097FF7E /* ArcGIS-SwiftUI-Combine */ = {
			isa = PBXNativeTarget;
			buildConfigurationList = 94E199A622CFF6AF0097FF7E /* Build configuration list for PBXNativeTarget "ArcGIS-SwiftUI-Combine" */;
			buildPhases = (
				A075C15A5912AC1F39076441 /* [CP] Check Pods Manifest.lock */,
				94E1998E22CFF6AD0097FF7E /* Sources */,
				94E1998F22CFF6AD0097FF7E /* Frameworks */,
				94E1999022CFF6AD0097FF7E /* Resources */,
				94E199AD22CFF6CF0097FF7E /* Embed Frameworks */,
				D56C9A106AD815BA414DD46A /* [CP] Embed Pods Frameworks */,
			);
			buildRules = (
			);
			dependencies = (
			);
			name = "ArcGIS-SwiftUI-Combine";
			productName = "ArcGIS-SwiftUI-Combine";
			productReference = 94E1999222CFF6AD0097FF7E /* ArcGIS-SwiftUI-Combine.app */;
			productType = "com.apple.product-type.application";
		};
/* End PBXNativeTarget section */

/* Begin PBXProject section */
		94E1998A22CFF6AD0097FF7E /* Project object */ = {
			isa = PBXProject;
			attributes = {
				LastSwiftUpdateCheck = 1100;
				LastUpgradeCheck = 1100;
				ORGANIZATIONNAME = Esri;
				TargetAttributes = {
					94E1999122CFF6AD0097FF7E = {
						CreatedOnToolsVersion = 11.0;
						LastSwiftMigration = 1100;
					};
				};
			};
			buildConfigurationList = 94E1998D22CFF6AD0097FF7E /* Build configuration list for PBXProject "ArcGIS-SwiftUI-Combine" */;
			compatibilityVersion = "Xcode 9.3";
			developmentRegion = en;
			hasScannedForEncodings = 0;
			knownRegions = (
				en,
				Base,
			);
			mainGroup = 94E1998922CFF6AD0097FF7E;
			productRefGroup = 94E1999322CFF6AD0097FF7E /* Products */;
			projectDirPath = "";
			projectRoot = "";
			targets = (
				94E1999122CFF6AD0097FF7E /* ArcGIS-SwiftUI-Combine */,
			);
		};
/* End PBXProject section */

/* Begin PBXResourcesBuildPhase section */
		94E1999022CFF6AD0097FF7E /* Resources */ = {
			isa = PBXResourcesBuildPhase;
			buildActionMask = 2147483647;
			files = (
				94E199A222CFF6AF0097FF7E /* LaunchScreen.storyboard in Resources */,
				94E1999F22CFF6AF0097FF7E /* Preview Assets.xcassets in Resources */,
				94E1999C22CFF6AF0097FF7E /* Assets.xcassets in Resources */,
			);
			runOnlyForDeploymentPostprocessing = 0;
		};
/* End PBXResourcesBuildPhase section */

/* Begin PBXShellScriptBuildPhase section */
		A075C15A5912AC1F39076441 /* [CP] Check Pods Manifest.lock */ = {
			isa = PBXShellScriptBuildPhase;
			buildActionMask = 2147483647;
			files = (
			);
			inputFileListPaths = (
			);
			inputPaths = (
				"${PODS_PODFILE_DIR_PATH}/Podfile.lock",
				"${PODS_ROOT}/Manifest.lock",
			);
			name = "[CP] Check Pods Manifest.lock";
			outputFileListPaths = (
			);
			outputPaths = (
				"$(DERIVED_FILE_DIR)/Pods-ArcGIS-SwiftUI-Combine-checkManifestLockResult.txt",
			);
			runOnlyForDeploymentPostprocessing = 0;
			shellPath = /bin/sh;
			shellScript = "diff \"${PODS_PODFILE_DIR_PATH}/Podfile.lock\" \"${PODS_ROOT}/Manifest.lock\" > /dev/null\nif [ $? != 0 ] ; then\n    # print error to STDERR\n    echo \"error: The sandbox is not in sync with the Podfile.lock. Run 'pod install' or update your CocoaPods installation.\" >&2\n    exit 1\nfi\n# This output is used by Xcode 'outputs' to avoid re-running this script phase.\necho \"SUCCESS\" > \"${SCRIPT_OUTPUT_FILE_0}\"\n";
			showEnvVarsInLog = 0;
		};
		D56C9A106AD815BA414DD46A /* [CP] Embed Pods Frameworks */ = {
			isa = PBXShellScriptBuildPhase;
			buildActionMask = 2147483647;
			files = (
			);
			inputFileListPaths = (
				"${PODS_ROOT}/Target Support Files/Pods-ArcGIS-SwiftUI-Combine/Pods-ArcGIS-SwiftUI-Combine-frameworks-${CONFIGURATION}-input-files.xcfilelist",
			);
			name = "[CP] Embed Pods Frameworks";
			outputFileListPaths = (
				"${PODS_ROOT}/Target Support Files/Pods-ArcGIS-SwiftUI-Combine/Pods-ArcGIS-SwiftUI-Combine-frameworks-${CONFIGURATION}-output-files.xcfilelist",
			);
			runOnlyForDeploymentPostprocessing = 0;
			shellPath = /bin/sh;
			shellScript = "\"${PODS_ROOT}/Target Support Files/Pods-ArcGIS-SwiftUI-Combine/Pods-ArcGIS-SwiftUI-Combine-frameworks.sh\"\n";
			showEnvVarsInLog = 0;
		};
/* End PBXShellScriptBuildPhase section */

/* Begin PBXSourcesBuildPhase section */
		94E1998E22CFF6AD0097FF7E /* Sources */ = {
			isa = PBXSourcesBuildPhase;
			buildActionMask = 2147483647;
			files = (
				94D9CB0723ECC91B0034CD2B /* AGSPopup+Selection.swift in Sources */,
				94FF73F723E76C26003B90A7 /* CompassView.swift in Sources */,
				94130CEF23BC02500000190F /* ProminentButtonStyle.swift in Sources */,
				943F87A422DFAFC400EC40E3 /* SUIMapViewModel.swift in Sources */,
				943F879D22DFAFC400EC40E3 /* AGSMapView+ArcGISPublisher.swift in Sources */,
				945D5E0F23D7ACB100B9EC2A /* RoundedCornerImageView.swift in Sources */,
				943F878D22DFAFB800EC40E3 /* AppDelegate.swift in Sources */,
				94B3EAEE22E23D340082254A /* AGSLocation+ArcGISPublisher.swift in Sources */,
				94130CF823C3B78C0000190F /* HorizontalDividerView.swift in Sources */,
				94D9CB1423F1CD5B0034CD2B /* SUILegendView.swift in Sources */,
				945D5E1123D7B10C00B9EC2A /* AGSPortalItem+ArcGISPublisher.swift in Sources */,
				94130CFE23C3FFF70000190F /* AGSPortalItem+Combine.swift in Sources */,
				94130CF523BEA8740000190F /* PortalBrowserView.swift in Sources */,
				94130D0223CCE5360000190F /* AppRootView.swift in Sources */,
				945D5E1723DF5EBE00B9EC2A /* BottomSheetView.swift in Sources */,
				94130CFC23C3FA760000190F /* AppErrors.swift in Sources */,
				943F878C22DFAFB800EC40E3 /* SceneDelegate.swift in Sources */,
				94130D0423CCED7C0000190F /* MapView.swift in Sources */,
				94B3EAEC22E23A640082254A /* AGSLocationDisplay+ArcGISPublisher.swift in Sources */,
				94D9CB0523ECB9540034CD2B /* CornerRadius.swift in Sources */,
				94130D0023C913690000190F /* PortalUserView.swift in Sources */,
				94E7F0E4237A33B800317271 /* AGSPortal+ArcGISPublisher.swift in Sources */,
				945D5E1523D9199B00B9EC2A /* AGSCredentialCache+ArcGISPublisher.swift in Sources */,
				943F87A022DFAFC400EC40E3 /* AGSMap+ArcGISPublisher.swift in Sources */,
				943F87A122DFAFC400EC40E3 /* AGSMapViewInteractionOptions+ArcGISPublisher.swift in Sources */,
				94130CED23BC02120000190F /* AlertError.swift in Sources */,
				943F87A322DFAFC400EC40E3 /* SUIMapView.swift in Sources */,
				94FF73FB23E76E44003B90A7 /* PopupView.swift in Sources */,
				94130CE923BC01650000190F /* AppPortalModel.swift in Sources */,
				94130CFA23C3F9070000190F /* AGSPortalUser+ArcGISPublisher.swift in Sources */,
				94D9CB0D23EDE1C10034CD2B /* SUIScalebar.swift in Sources */,
				94FF73FE23E772D9003B90A7 /* PortalItemView.swift in Sources */,
				943F879B22DFAFC400EC40E3 /* Publishable.swift in Sources */,
				945D5E1323D7B55B00B9EC2A /* AGSLoadableImage+ArcGISPublisher.swift in Sources */,
				94130CE723BC01330000190F /* PortalSignInView.swift in Sources */,
				943F879F22DFAFC400EC40E3 /* AGSLoadable+ArcGISPublisher.swift in Sources */,
			);
			runOnlyForDeploymentPostprocessing = 0;
		};
/* End PBXSourcesBuildPhase section */

/* Begin PBXVariantGroup section */
		94E199A022CFF6AF0097FF7E /* LaunchScreen.storyboard */ = {
			isa = PBXVariantGroup;
			children = (
				94E199A122CFF6AF0097FF7E /* Base */,
			);
			name = LaunchScreen.storyboard;
			sourceTree = "<group>";
		};
/* End PBXVariantGroup section */

/* Begin XCBuildConfiguration section */
		94E199A422CFF6AF0097FF7E /* Debug */ = {
			isa = XCBuildConfiguration;
			buildSettings = {
				ALWAYS_SEARCH_USER_PATHS = NO;
				CLANG_ANALYZER_NONNULL = YES;
				CLANG_ANALYZER_NUMBER_OBJECT_CONVERSION = YES_AGGRESSIVE;
				CLANG_CXX_LANGUAGE_STANDARD = "gnu++14";
				CLANG_CXX_LIBRARY = "libc++";
				CLANG_ENABLE_MODULES = YES;
				CLANG_ENABLE_OBJC_ARC = YES;
				CLANG_ENABLE_OBJC_WEAK = YES;
				CLANG_WARN_BLOCK_CAPTURE_AUTORELEASING = YES;
				CLANG_WARN_BOOL_CONVERSION = YES;
				CLANG_WARN_COMMA = YES;
				CLANG_WARN_CONSTANT_CONVERSION = YES;
				CLANG_WARN_DEPRECATED_OBJC_IMPLEMENTATIONS = YES;
				CLANG_WARN_DIRECT_OBJC_ISA_USAGE = YES_ERROR;
				CLANG_WARN_DOCUMENTATION_COMMENTS = YES;
				CLANG_WARN_EMPTY_BODY = YES;
				CLANG_WARN_ENUM_CONVERSION = YES;
				CLANG_WARN_INFINITE_RECURSION = YES;
				CLANG_WARN_INT_CONVERSION = YES;
				CLANG_WARN_NON_LITERAL_NULL_CONVERSION = YES;
				CLANG_WARN_OBJC_IMPLICIT_RETAIN_SELF = YES;
				CLANG_WARN_OBJC_LITERAL_CONVERSION = YES;
				CLANG_WARN_OBJC_ROOT_CLASS = YES_ERROR;
				CLANG_WARN_RANGE_LOOP_ANALYSIS = YES;
				CLANG_WARN_STRICT_PROTOTYPES = YES;
				CLANG_WARN_SUSPICIOUS_MOVE = YES;
				CLANG_WARN_UNGUARDED_AVAILABILITY = YES_AGGRESSIVE;
				CLANG_WARN_UNREACHABLE_CODE = YES;
				CLANG_WARN__DUPLICATE_METHOD_MATCH = YES;
				COPY_PHASE_STRIP = NO;
				DEBUG_INFORMATION_FORMAT = dwarf;
				ENABLE_STRICT_OBJC_MSGSEND = YES;
				ENABLE_TESTABILITY = YES;
				GCC_C_LANGUAGE_STANDARD = gnu11;
				GCC_DYNAMIC_NO_PIC = NO;
				GCC_NO_COMMON_BLOCKS = YES;
				GCC_OPTIMIZATION_LEVEL = 0;
				GCC_PREPROCESSOR_DEFINITIONS = (
					"DEBUG=1",
					"$(inherited)",
				);
				GCC_WARN_64_TO_32_BIT_CONVERSION = YES;
				GCC_WARN_ABOUT_RETURN_TYPE = YES_ERROR;
				GCC_WARN_UNDECLARED_SELECTOR = YES;
				GCC_WARN_UNINITIALIZED_AUTOS = YES_AGGRESSIVE;
				GCC_WARN_UNUSED_FUNCTION = YES;
				GCC_WARN_UNUSED_VARIABLE = YES;
				IPHONEOS_DEPLOYMENT_TARGET = 13.0;
				MTL_ENABLE_DEBUG_INFO = INCLUDE_SOURCE;
				MTL_FAST_MATH = YES;
				ONLY_ACTIVE_ARCH = YES;
				SDKROOT = iphoneos;
				SWIFT_ACTIVE_COMPILATION_CONDITIONS = DEBUG;
				SWIFT_OPTIMIZATION_LEVEL = "-Onone";
			};
			name = Debug;
		};
		94E199A522CFF6AF0097FF7E /* Release */ = {
			isa = XCBuildConfiguration;
			buildSettings = {
				ALWAYS_SEARCH_USER_PATHS = NO;
				CLANG_ANALYZER_NONNULL = YES;
				CLANG_ANALYZER_NUMBER_OBJECT_CONVERSION = YES_AGGRESSIVE;
				CLANG_CXX_LANGUAGE_STANDARD = "gnu++14";
				CLANG_CXX_LIBRARY = "libc++";
				CLANG_ENABLE_MODULES = YES;
				CLANG_ENABLE_OBJC_ARC = YES;
				CLANG_ENABLE_OBJC_WEAK = YES;
				CLANG_WARN_BLOCK_CAPTURE_AUTORELEASING = YES;
				CLANG_WARN_BOOL_CONVERSION = YES;
				CLANG_WARN_COMMA = YES;
				CLANG_WARN_CONSTANT_CONVERSION = YES;
				CLANG_WARN_DEPRECATED_OBJC_IMPLEMENTATIONS = YES;
				CLANG_WARN_DIRECT_OBJC_ISA_USAGE = YES_ERROR;
				CLANG_WARN_DOCUMENTATION_COMMENTS = YES;
				CLANG_WARN_EMPTY_BODY = YES;
				CLANG_WARN_ENUM_CONVERSION = YES;
				CLANG_WARN_INFINITE_RECURSION = YES;
				CLANG_WARN_INT_CONVERSION = YES;
				CLANG_WARN_NON_LITERAL_NULL_CONVERSION = YES;
				CLANG_WARN_OBJC_IMPLICIT_RETAIN_SELF = YES;
				CLANG_WARN_OBJC_LITERAL_CONVERSION = YES;
				CLANG_WARN_OBJC_ROOT_CLASS = YES_ERROR;
				CLANG_WARN_RANGE_LOOP_ANALYSIS = YES;
				CLANG_WARN_STRICT_PROTOTYPES = YES;
				CLANG_WARN_SUSPICIOUS_MOVE = YES;
				CLANG_WARN_UNGUARDED_AVAILABILITY = YES_AGGRESSIVE;
				CLANG_WARN_UNREACHABLE_CODE = YES;
				CLANG_WARN__DUPLICATE_METHOD_MATCH = YES;
				COPY_PHASE_STRIP = NO;
				DEBUG_INFORMATION_FORMAT = "dwarf-with-dsym";
				ENABLE_NS_ASSERTIONS = NO;
				ENABLE_STRICT_OBJC_MSGSEND = YES;
				GCC_C_LANGUAGE_STANDARD = gnu11;
				GCC_NO_COMMON_BLOCKS = YES;
				GCC_WARN_64_TO_32_BIT_CONVERSION = YES;
				GCC_WARN_ABOUT_RETURN_TYPE = YES_ERROR;
				GCC_WARN_UNDECLARED_SELECTOR = YES;
				GCC_WARN_UNINITIALIZED_AUTOS = YES_AGGRESSIVE;
				GCC_WARN_UNUSED_FUNCTION = YES;
				GCC_WARN_UNUSED_VARIABLE = YES;
				IPHONEOS_DEPLOYMENT_TARGET = 13.0;
				MTL_ENABLE_DEBUG_INFO = NO;
				MTL_FAST_MATH = YES;
				SDKROOT = iphoneos;
				SWIFT_COMPILATION_MODE = wholemodule;
				SWIFT_OPTIMIZATION_LEVEL = "-O";
				VALIDATE_PRODUCT = YES;
			};
			name = Release;
		};
		94E199A722CFF6AF0097FF7E /* Debug */ = {
			isa = XCBuildConfiguration;
			baseConfigurationReference = 261879EE773D97063D63FDC2 /* Pods-ArcGIS-SwiftUI-Combine.debug.xcconfig */;
			buildSettings = {
				ASSETCATALOG_COMPILER_APPICON_NAME = AppIcon;
				CLANG_ENABLE_MODULES = YES;
				CODE_SIGN_STYLE = Automatic;
				DEVELOPMENT_ASSET_PATHS = "ArcGIS-SwiftUI-Combine/Preview\\ Content";
				DEVELOPMENT_TEAM = 6XLTZ44GH4;
				ENABLE_PREVIEWS = YES;
				FRAMEWORK_SEARCH_PATHS = (
					"$(inherited)",
					"$(USER_LIBRARY_DIR)/SDKs/ArcGIS/iOS/Frameworks/Dynamic",
				);
				INFOPLIST_FILE = "ArcGIS-SwiftUI-Combine/Info.plist";
				LD_RUNPATH_SEARCH_PATHS = (
					"$(inherited)",
					"@executable_path/Frameworks",
				);
				PRODUCT_BUNDLE_IDENTIFIER = "com.esri.ArcGIS-SwiftUI-Combine";
				PRODUCT_NAME = "$(TARGET_NAME)";
				SWIFT_OBJC_BRIDGING_HEADER = "ArcGIS-SwiftUI-Combine/ArcGIS-SwiftUI-Combine-Bridging-Header.h";
				SWIFT_OPTIMIZATION_LEVEL = "-Onone";
				SWIFT_VERSION = 5.0;
				TARGETED_DEVICE_FAMILY = "1,2";
			};
			name = Debug;
		};
		94E199A822CFF6AF0097FF7E /* Release */ = {
			isa = XCBuildConfiguration;
			baseConfigurationReference = 548986393BC6DBF9FEC0B671 /* Pods-ArcGIS-SwiftUI-Combine.release.xcconfig */;
			buildSettings = {
				ASSETCATALOG_COMPILER_APPICON_NAME = AppIcon;
				CLANG_ENABLE_MODULES = YES;
				CODE_SIGN_STYLE = Automatic;
				DEVELOPMENT_ASSET_PATHS = "ArcGIS-SwiftUI-Combine/Preview\\ Content";
				DEVELOPMENT_TEAM = 6XLTZ44GH4;
				ENABLE_PREVIEWS = YES;
				FRAMEWORK_SEARCH_PATHS = (
					"$(inherited)",
					"$(USER_LIBRARY_DIR)/SDKs/ArcGIS/iOS/Frameworks/Dynamic",
				);
				INFOPLIST_FILE = "ArcGIS-SwiftUI-Combine/Info.plist";
				LD_RUNPATH_SEARCH_PATHS = (
					"$(inherited)",
					"@executable_path/Frameworks",
				);
				PRODUCT_BUNDLE_IDENTIFIER = "com.esri.ArcGIS-SwiftUI-Combine";
				PRODUCT_NAME = "$(TARGET_NAME)";
				SWIFT_OBJC_BRIDGING_HEADER = "ArcGIS-SwiftUI-Combine/ArcGIS-SwiftUI-Combine-Bridging-Header.h";
				SWIFT_VERSION = 5.0;
				TARGETED_DEVICE_FAMILY = "1,2";
			};
			name = Release;
		};
/* End XCBuildConfiguration section */

/* Begin XCConfigurationList section */
		94E1998D22CFF6AD0097FF7E /* Build configuration list for PBXProject "ArcGIS-SwiftUI-Combine" */ = {
			isa = XCConfigurationList;
			buildConfigurations = (
				94E199A422CFF6AF0097FF7E /* Debug */,
				94E199A522CFF6AF0097FF7E /* Release */,
			);
			defaultConfigurationIsVisible = 0;
			defaultConfigurationName = Release;
		};
		94E199A622CFF6AF0097FF7E /* Build configuration list for PBXNativeTarget "ArcGIS-SwiftUI-Combine" */ = {
			isa = XCConfigurationList;
			buildConfigurations = (
				94E199A722CFF6AF0097FF7E /* Debug */,
				94E199A822CFF6AF0097FF7E /* Release */,
			);
			defaultConfigurationIsVisible = 0;
			defaultConfigurationName = Release;
		};
/* End XCConfigurationList section */
	};
	rootObject = 94E1998A22CFF6AD0097FF7E /* Project object */;
}
